{
  "originHash" : "533de208f7207fdd36b99a2f0036707fca012c23defe0e4e99a820106aff336d",
  "pins" : [
    {
      "identity" : "purchases-ios-spm",
      "kind" : "remoteSourceControl",
      "location" : "https://github.com/RevenueCat/purchases-ios-spm.git",
      "state" : {
        "revision" : "fa196fa767b15663ff8941a0a80e3ad67ad4d53f",
        "version" : "5.33.0"
      }
    }
  ],
  "version" : 3
}
